
Microsoft Visual Studio Solution File, Format Version 12.00
# Visual Studio 2013
VisualStudioVersion = 12.0.31101.0
MinimumVisualStudioVersion = 10.0.40219.1
Project("{FAE04EC0-301F-11D3-BF4B-00C04F79EFBC}") = "A16 Ex01 OrSivan 304863418 BenMenahem 039691043", "A16 Ex01 OrSivan 304863418 BenMenahem 039691043\A16 Ex01 OrSivan 304863418 BenMenahem 039691043.csproj", "{B32C4A0C-396C-4654-8B61-675855C69E49}"
EndProject
Global
	GlobalSection(SolutionConfigurationPlatforms) = preSolution
		Debug|Any CPU = Debug|Any CPU
		Release|Any CPU = Release|Any CPU
	EndGlobalSection
	GlobalSection(ProjectConfigurationPlatforms) = postSolution
		{B32C4A0C-396C-4654-8B61-675855C69E49}.Debug|Any CPU.ActiveCfg = Debug|Any CPU
		{B32C4A0C-396C-4654-8B61-675855C69E49}.Debug|Any CPU.Build.0 = Debug|Any CPU
		{B32C4A0C-396C-4654-8B61-675855C69E49}.Release|Any CPU.ActiveCfg = Release|Any CPU
		{B32C4A0C-396C-4654-8B61-675855C69E49}.Release|Any CPU.Build.0 = Release|Any CPU
	EndGlobalSection
	GlobalSection(SolutionProperties) = preSolution
		HideSolutionNode = FALSE
	EndGlobalSection
EndGlobal
